
Microsoft Visual Studio Solution File, Format Version 12.00
# Visual Studio 15
Project("{FAE04EC0-301F-11D3-BF4B-00C04F79EFBC}") = "Unity.Timeline", "Unity.Timeline.csproj", "{8F661FDD-7021-3217-16AA-DC18971293A5}"
EndProject
Project("{FAE04EC0-301F-11D3-BF4B-00C04F79EFBC}") = "Unity.InputSystem", "Unity.InputSystem.csproj", "{D8CB60D1-6FAB-2AD7-A124-2A029C452A57}"
EndProject
Project("{FAE04EC0-301F-11D3-BF4B-00C04F79EFBC}") = "Unity.ShaderGraph.Editor", "Unity.ShaderGraph.Editor.csproj", "{BEC695E3-1996-365A-6648-A3DE34263082}"
EndProject
Project("{FAE04EC0-301F-11D3-BF4B-00C04F79EFBC}") = "Unity.VisualScripting.Flow", "Unity.VisualScripting.Flow.csproj", "{6733E4C6-82FD-B447-8061-066607160CE8}"
EndProject
Project("{FAE04EC0-301F-11D3-BF4B-00C04F79EFBC}") = "Unity.RenderPipelines.Universal.Runtime", "Unity.RenderPipelines.Universal.Runtime.csproj", "{91C6A6F1-452A-8588-4763-543DB80EAA66}"
EndProject
Project("{FAE04EC0-301F-11D3-BF4B-00C04F79EFBC}") = "Unity.ProBuilder", "Unity.ProBuilder.csproj", "{47AB5AF6-895D-43B1-BD05-CC8E7D270895}"
EndProject
Project("{FAE04EC0-301F-11D3-BF4B-00C04F79EFBC}") = "UnityEditor.UI", "UnityEditor.UI.csproj", "{CEC71F30-6ADD-84E3-028C-970675E0F1E6}"
EndProject
Project("{FAE04EC0-301F-11D3-BF4B-00C04F79EFBC}") = "Unity.Timeline.Editor", "Unity.Timeline.Editor.csproj", "{2B6848FC-0CE7-50B5-4886-AD2A02E853B9}"
EndProject
Project("{FAE04EC0-301F-11D3-BF4B-00C04F79EFBC}") = "Unity.PlasticSCM.Editor", "Unity.PlasticSCM.Editor.csproj", "{00CAEF92-B315-4675-4B90-ECED12BFFF6E}"
EndProject
Project("{FAE04EC0-301F-11D3-BF4B-00C04F79EFBC}") = "Unity.RenderPipelines.Core.Runtime", "Unity.RenderPipelines.Core.Runtime.csproj", "{233DF540-00EE-98AA-289D-E3286F9EA211}"
EndProject
Project("{FAE04EC0-301F-11D3-BF4B-00C04F79EFBC}") = "Unity.Mathematics", "Unity.Mathematics.csproj", "{585F1C6D-1451-80B6-2537-CB3BBE6E6BCE}"
EndProject
Project("{FAE04EC0-301F-11D3-BF4B-00C04F79EFBC}") = "Unity.RenderPipelines.Core.Editor", "Unity.RenderPipelines.Core.Editor.csproj", "{CD699C6E-E22C-D8F3-7B8B-E56C01BCC1E4}"
EndProject
Project("{FAE04EC0-301F-11D3-BF4B-00C04F79EFBC}") = "Unity.ProBuilder.Editor", "Unity.ProBuilder.Editor.csproj", "{2067C9F0-4CF8-7BD3-07C0-67D866A60216}"
EndProject
Project("{FAE04EC0-301F-11D3-BF4B-00C04F79EFBC}") = "Unity.VisualScripting.Core.Editor", "Unity.VisualScripting.Core.Editor.csproj", "{8444C7FE-5F85-0495-E757-339AD98CEABA}"
EndProject
Project("{FAE04EC0-301F-11D3-BF4B-00C04F79EFBC}") = "UnityEditor.TestRunner", "UnityEditor.TestRunner.csproj", "{82AB8C65-7F6F-5A68-6879-63CBF786DB3B}"
EndProject
Project("{FAE04EC0-301F-11D3-BF4B-00C04F79EFBC}") = "Unity.ProBuilder.Poly2Tri", "Unity.ProBuilder.Poly2Tri.csproj", "{DF09E4C0-1DC8-B469-EC23-30C040E7DC3B}"
EndProject
Project("{FAE04EC0-301F-11D3-BF4B-00C04F79EFBC}") = "Unity.RenderPipelines.Universal.Editor", "Unity.RenderPipelines.Universal.Editor.csproj", "{5358EB9E-360E-F4DC-89ED-6DF8F34C31D0}"
EndProject
Project("{FAE04EC0-301F-11D3-BF4B-00C04F79EFBC}") = "Unity.TextMeshPro.Editor", "Unity.TextMeshPro.Editor.csproj", "{B45024B4-A42D-5524-2E80-47193A51D588}"
EndProject
Project("{FAE04EC0-301F-11D3-BF4B-00C04F79EFBC}") = "Unity.VisualScripting.Flow.Editor", "Unity.VisualScripting.Flow.Editor.csproj", "{A5BF2FA5-E6E3-B7EC-9985-175DA68FE1BE}"
EndProject
Project("{FAE04EC0-301F-11D3-BF4B-00C04F79EFBC}") = "UnityEngine.TestRunner", "UnityEngine.TestRunner.csproj", "{57E3D443-89DC-019D-0027-C357D837B1A0}"
EndProject
Project("{FAE04EC0-301F-11D3-BF4B-00C04F79EFBC}") = "Unity.VisualScripting.Core", "Unity.VisualScripting.Core.csproj", "{C18EDD26-608B-2BD8-E5C8-E34A8871A603}"
EndProject
Project("{FAE04EC0-301F-11D3-BF4B-00C04F79EFBC}") = "Unity.Searcher.Editor", "Unity.Searcher.Editor.csproj", "{BAD4CD53-3440-F286-563E-247E039F4882}"
EndProject
Project("{FAE04EC0-301F-11D3-BF4B-00C04F79EFBC}") = "Unity.Burst", "Unity.Burst.csproj", "{52EF9C9E-AC45-7297-8455-9FABDCF44045}"
EndProject
Project("{FAE04EC0-301F-11D3-BF4B-00C04F79EFBC}") = "Unity.Tutorials.Core.Editor", "Unity.Tutorials.Core.Editor.csproj", "{C9AD273B-43D0-F8A1-3DF0-6076D8C9F027}"
EndProject
Project("{FAE04EC0-301F-11D3-BF4B-00C04F79EFBC}") = "CW.Common", "CW.Common.csproj", "{612A0F6B-6197-7C0A-FE53-DC9A48A29FF2}"
EndProject
Project("{FAE04EC0-301F-11D3-BF4B-00C04F79EFBC}") = "Unity.ProBuilder.Csg", "Unity.ProBuilder.Csg.csproj", "{6AFC4AD3-E170-D109-0401-EFACC866EDF1}"
EndProject
Project("{FAE04EC0-301F-11D3-BF4B-00C04F79EFBC}") = "Unity.AI.Navigation.Editor", "Unity.AI.Navigation.Editor.csproj", "{6C9AD8FE-49A6-2A89-3091-14C50E156A60}"
EndProject
Project("{FAE04EC0-301F-11D3-BF4B-00C04F79EFBC}") = "LeanTouch", "LeanTouch.csproj", "{94293109-5187-9BC3-A3B2-995ADFAED372}"
EndProject
Project("{FAE04EC0-301F-11D3-BF4B-00C04F79EFBC}") = "Cinemachine", "Cinemachine.csproj", "{B0FE23B2-768E-5CCF-AB42-9EAB8547D236}"
EndProject
Project("{FAE04EC0-301F-11D3-BF4B-00C04F79EFBC}") = "Unity.VisualStudio.Editor", "Unity.VisualStudio.Editor.csproj", "{28248D00-6DFD-16BC-0AC7-ADD2F25907E7}"
EndProject
Project("{FAE04EC0-301F-11D3-BF4B-00C04F79EFBC}") = "PPv2URPConverters", "PPv2URPConverters.csproj", "{207507ED-500F-52EA-134E-BBC58532C3E0}"
EndProject
Project("{FAE04EC0-301F-11D3-BF4B-00C04F79EFBC}") = "Unity.AdaptivePerformance", "Unity.AdaptivePerformance.csproj", "{B998445D-4AB0-B8CF-B1EE-2EEBCBC22B87}"
EndProject
Project("{FAE04EC0-301F-11D3-BF4B-00C04F79EFBC}") = "Unity.TestTools.CodeCoverage.Editor.OpenCover.Model", "Unity.TestTools.CodeCoverage.Editor.OpenCover.Model.csproj", "{F36707C5-AC41-3325-3D92-7A7298DA9FFC}"
EndProject
Project("{FAE04EC0-301F-11D3-BF4B-00C04F79EFBC}") = "Unity.Rider.Editor", "Unity.Rider.Editor.csproj", "{EE957132-E268-F6F0-CF20-688862C87E04}"
EndProject
Project("{FAE04EC0-301F-11D3-BF4B-00C04F79EFBC}") = "fps.Game", "fps.Game.csproj", "{C9C9251C-3B4B-1C61-2119-2D3DD1E2DE43}"
EndProject
Project("{FAE04EC0-301F-11D3-BF4B-00C04F79EFBC}") = "Unity.AI.Navigation.Editor.ConversionSystem", "Unity.AI.Navigation.Editor.ConversionSystem.csproj", "{A2B63E4E-E5D3-C24D-C726-01E47710F478}"
EndProject
Project("{FAE04EC0-301F-11D3-BF4B-00C04F79EFBC}") = "Unity.VisualScripting.State.Editor", "Unity.VisualScripting.State.Editor.csproj", "{68EC2433-67A8-4625-B696-D1D0F2798137}"
EndProject
Project("{FAE04EC0-301F-11D3-BF4B-00C04F79EFBC}") = "com.unity.cinemachine.editor", "com.unity.cinemachine.editor.csproj", "{1A45F958-020F-9FE6-511A-489FE1D4CBE8}"
EndProject
Project("{FAE04EC0-301F-11D3-BF4B-00C04F79EFBC}") = "UnityEngine.UI", "UnityEngine.UI.csproj", "{A2F848DE-2843-B60C-FE10-EC26A3BAE87F}"
EndProject
Project("{FAE04EC0-301F-11D3-BF4B-00C04F79EFBC}") = "Unity.TestTools.CodeCoverage.Editor", "Unity.TestTools.CodeCoverage.Editor.csproj", "{9C99206C-4380-326F-B829-3A552743D93B}"
EndProject
Project("{FAE04EC0-301F-11D3-BF4B-00C04F79EFBC}") = "Unity.Burst.CodeGen", "Unity.Burst.CodeGen.csproj", "{720C43F9-D886-4A0F-CC45-DE4FDA25129C}"
EndProject
Project("{FAE04EC0-301F-11D3-BF4B-00C04F79EFBC}") = "Unity.RenderPipeline.Universal.ShaderLibrary", "Unity.RenderPipeline.Universal.ShaderLibrary.csproj", "{56739EFB-9471-EC96-8334-3002B3BE290D}"
EndProject
Project("{FAE04EC0-301F-11D3-BF4B-00C04F79EFBC}") = "fps.Gameplay", "fps.Gameplay.csproj", "{571692B5-9DF6-6617-8375-A1793EF1C570}"
EndProject
Project("{FAE04EC0-301F-11D3-BF4B-00C04F79EFBC}") = "Unity.AI.Navigation", "Unity.AI.Navigation.csproj", "{C78BB967-AF2D-E1D9-44DC-78561650B0E3}"
EndProject
Project("{FAE04EC0-301F-11D3-BF4B-00C04F79EFBC}") = "Unity.VisualScripting.State", "Unity.VisualScripting.State.csproj", "{9E4DCFA0-E392-C418-5D9E-E794F6EE2FDC}"
EndProject
Project("{FAE04EC0-301F-11D3-BF4B-00C04F79EFBC}") = "Unity.TextMeshPro", "Unity.TextMeshPro.csproj", "{1BADA475-46AD-E5F6-9FCB-711BFE699198}"
EndProject
Project("{FAE04EC0-301F-11D3-BF4B-00C04F79EFBC}") = "fps.Editor", "fps.Editor.csproj", "{2B970CED-1A40-C2DA-3C25-5D44015CD266}"
EndProject
Project("{FAE04EC0-301F-11D3-BF4B-00C04F79EFBC}") = "Unity.Performance.Profile-Analyzer.Editor", "Unity.Performance.Profile-Analyzer.Editor.csproj", "{DC79B5F5-61FD-A4CF-EDD8-BD94718E04F0}"
EndProject
Project("{FAE04EC0-301F-11D3-BF4B-00C04F79EFBC}") = "Unity.Microgame.Tutorials", "Unity.Microgame.Tutorials.csproj", "{DB8ECD1B-F679-2C84-2DE2-3D25764A8D23}"
EndProject
Project("{FAE04EC0-301F-11D3-BF4B-00C04F79EFBC}") = "Unity.AdaptivePerformance.Editor", "Unity.AdaptivePerformance.Editor.csproj", "{6B3C6DF4-54DC-5443-3874-75113972B0BD}"
EndProject
Project("{FAE04EC0-301F-11D3-BF4B-00C04F79EFBC}") = "Unity.VisualScripting.SettingsProvider.Editor", "Unity.VisualScripting.SettingsProvider.Editor.csproj", "{E8B54FD9-D6A1-7F13-FA6F-44DE85B38866}"
EndProject
Project("{FAE04EC0-301F-11D3-BF4B-00C04F79EFBC}") = "Unity.VSCode.Editor", "Unity.VSCode.Editor.csproj", "{ED9E5CFB-8DFB-AB39-5D4D-4F16E30379FE}"
EndProject
Project("{FAE04EC0-301F-11D3-BF4B-00C04F79EFBC}") = "Unity.Play.Publisher.Editor", "Unity.Play.Publisher.Editor.csproj", "{49846CE7-FF5D-F4E8-DEC7-24937E3D82DC}"
EndProject
Project("{FAE04EC0-301F-11D3-BF4B-00C04F79EFBC}") = "Unity.Burst.Editor", "Unity.Burst.Editor.csproj", "{0AFCAFA1-77DA-1AB8-6CC3-2E9CF1E1C80E}"
EndProject
Project("{FAE04EC0-301F-11D3-BF4B-00C04F79EFBC}") = "Unity.TestTools.CodeCoverage.Editor.OpenCover.Mono.Reflection", "Unity.TestTools.CodeCoverage.Editor.OpenCover.Mono.Reflection.csproj", "{A29FE2DB-95AA-AED6-D12A-46E84087C1C0}"
EndProject
Project("{FAE04EC0-301F-11D3-BF4B-00C04F79EFBC}") = "fps.UI", "fps.UI.csproj", "{561BB322-8C5B-6A10-C02A-9D97826C70C9}"
EndProject
Project("{FAE04EC0-301F-11D3-BF4B-00C04F79EFBC}") = "Unity.AI.Navigation.Updater", "Unity.AI.Navigation.Updater.csproj", "{35FA7967-00D5-771B-B857-2DBB539A75BB}"
EndProject
Project("{FAE04EC0-301F-11D3-BF4B-00C04F79EFBC}") = "Unity.ProBuilder.Stl", "Unity.ProBuilder.Stl.csproj", "{16958C5D-D505-D976-2965-D5269D7FF361}"
EndProject
Project("{FAE04EC0-301F-11D3-BF4B-00C04F79EFBC}") = "Assembly-CSharp", "Assembly-CSharp.csproj", "{3158A6BD-FE52-58DA-417A-3AE6F3292409}"
EndProject
Project("{FAE04EC0-301F-11D3-BF4B-00C04F79EFBC}") = "Unity.Settings.Editor", "Unity.Settings.Editor.csproj", "{B2B872E9-9FFC-C70E-7C51-0E35E96F4DA5}"
EndProject
Project("{FAE04EC0-301F-11D3-BF4B-00C04F79EFBC}") = "Unity.InternalAPIEngineBridge.007", "Unity.InternalAPIEngineBridge.007.csproj", "{3BBBF712-607D-F68A-AB56-226F735AE391}"
EndProject
Project("{FAE04EC0-301F-11D3-BF4B-00C04F79EFBC}") = "Unity.AdaptivePerformance.UI.Editor", "Unity.AdaptivePerformance.UI.Editor.csproj", "{1A889DDF-EDE3-8E88-D6E5-74001E2600E2}"
EndProject
Project("{FAE04EC0-301F-11D3-BF4B-00C04F79EFBC}") = "NavMeshComponents", "NavMeshComponents.csproj", "{DF8021EB-A920-E623-7442-7527615708B5}"
EndProject
Project("{FAE04EC0-301F-11D3-BF4B-00C04F79EFBC}") = "Unity.InternalAPIEditorBridge.007", "Unity.InternalAPIEditorBridge.007.csproj", "{7481536C-18C3-C7D6-7082-EE053323BF04}"
EndProject
Project("{FAE04EC0-301F-11D3-BF4B-00C04F79EFBC}") = "Unity.InternalAPIEditorBridgeDev.001", "Unity.InternalAPIEditorBridgeDev.001.csproj", "{44A1AE36-C306-6FB8-5A31-DBCBCAE4A077}"
EndProject
Project("{FAE04EC0-301F-11D3-BF4B-00C04F79EFBC}") = "fps.AI", "fps.AI.csproj", "{5613D96A-3BC4-4FC8-58DB-223A55C761C4}"
EndProject
Project("{FAE04EC0-301F-11D3-BF4B-00C04F79EFBC}") = "Unity.ProBuilder.KdTree", "Unity.ProBuilder.KdTree.csproj", "{673DF6B3-63E3-2B99-380F-BF34BD74EC34}"
EndProject
Project("{FAE04EC0-301F-11D3-BF4B-00C04F79EFBC}") = "Unity.ProBuilder.AddOns.Editor", "Unity.ProBuilder.AddOns.Editor.csproj", "{1DA5313A-E4EA-C66D-9825-1D730D42A643}"
EndProject
Project("{FAE04EC0-301F-11D3-BF4B-00C04F79EFBC}") = "Unity.InputSystem.ForUI", "Unity.InputSystem.ForUI.csproj", "{99E98011-9B6D-BF13-F7B3-7C6C667B9651}"
EndProject
Project("{FAE04EC0-301F-11D3-BF4B-00C04F79EFBC}") = "NavMeshComponentsEditor", "NavMeshComponentsEditor.csproj", "{AE3396E4-A290-B405-3941-CF317AA5B6B2}"
EndProject
Project("{FAE04EC0-301F-11D3-BF4B-00C04F79EFBC}") = "Unity.Mathematics.Editor", "Unity.Mathematics.Editor.csproj", "{241E61DE-E95E-6BCA-8609-17A260EE99DB}"
EndProject
Project("{FAE04EC0-301F-11D3-BF4B-00C04F79EFBC}") = "Unity.Tutorials.Core", "Unity.Tutorials.Core.csproj", "{E1E85D8C-21F5-88E4-F584-422E4747CE34}"
EndProject
Project("{FAE04EC0-301F-11D3-BF4B-00C04F79EFBC}") = "LeanCommon", "LeanCommon.csproj", "{1FBA7433-BBCD-DB85-9AE8-E6E5B2CD5F3F}"
EndProject
Project("{FAE04EC0-301F-11D3-BF4B-00C04F79EFBC}") = "Unity.ProBuilder.AssetIdRemapUtility", "Unity.ProBuilder.AssetIdRemapUtility.csproj", "{16C69675-779C-C672-C1EE-5F8EE7513898}"
EndProject
Project("{FAE04EC0-301F-11D3-BF4B-00C04F79EFBC}") = "Unity.InputSystem.TestFramework", "Unity.InputSystem.TestFramework.csproj", "{E05FAD5C-8D83-E0B0-C2E9-F07A7A1059B3}"
EndProject
Project("{FAE04EC0-301F-11D3-BF4B-00C04F79EFBC}") = "Unity.ShaderGraph.Utilities", "Unity.ShaderGraph.Utilities.csproj", "{BC8492F6-5E87-B2F6-EC50-15FC0AF273A0}"
EndProject
Project("{FAE04EC0-301F-11D3-BF4B-00C04F79EFBC}") = "Unity.VisualScripting.Shared.Editor", "Unity.VisualScripting.Shared.Editor.csproj", "{0BF86D11-D35A-61A8-BD20-55E58919AA07}"
EndProject
Project("{FAE04EC0-301F-11D3-BF4B-00C04F79EFBC}") = "Unity.Profiling.Core", "Unity.Profiling.Core.csproj", "{49908017-455C-2646-5E80-2EF7B2B52810}"
EndProject
Project("{FAE04EC0-301F-11D3-BF4B-00C04F79EFBC}") = "Unity.EditorCoroutines.Editor", "Unity.EditorCoroutines.Editor.csproj", "{098E99B3-855B-95FA-F285-79978DFF5F06}"
EndProject
Project("{FAE04EC0-301F-11D3-BF4B-00C04F79EFBC}") = "Unity.AdaptivePerformance.Simulator.Editor", "Unity.AdaptivePerformance.Simulator.Editor.csproj", "{AABC6379-F1D6-69A6-2701-973A265CFC7B}"
EndProject
Project("{FAE04EC0-301F-11D3-BF4B-00C04F79EFBC}") = "Unity.AdaptivePerformance.Profiler.Editor", "Unity.AdaptivePerformance.Profiler.Editor.csproj", "{670CF7FD-3168-FFEF-ED06-FF7861078AEE}"
EndProject
Project("{FAE04EC0-301F-11D3-BF4B-00C04F79EFBC}") = "Unity.AdaptivePerformance.Simulator.Extension", "Unity.AdaptivePerformance.Simulator.Extension.csproj", "{CEAB9CEF-5720-11AB-C3E9-52B839AFD55A}"
EndProject
Project("{FAE04EC0-301F-11D3-BF4B-00C04F79EFBC}") = "Unity.RenderPipelines.Universal.Config.Runtime", "Unity.RenderPipelines.Universal.Config.Runtime.csproj", "{CA699364-F118-3629-82C3-DE6BE728A96E}"
EndProject
Project("{FAE04EC0-301F-11D3-BF4B-00C04F79EFBC}") = "Assembly-CSharp-Editor", "Assembly-CSharp-Editor.csproj", "{F2A311D0-1876-FFFE-B7C8-81DC4F8E06DE}"
EndProject
Project("{FAE04EC0-301F-11D3-BF4B-00C04F79EFBC}") = "Unity.CollabProxy.Editor", "Unity.CollabProxy.Editor.csproj", "{35F62E68-4599-A137-5E61-46B1421DA00C}"
EndProject
Project("{FAE04EC0-301F-11D3-BF4B-00C04F79EFBC}") = "Unity.RenderPipelines.ShaderGraph.ShaderGraphLibrary", "Unity.RenderPipelines.ShaderGraph.ShaderGraphLibrary.csproj", "{2073B6A3-58F7-353F-8C83-E35979C3A2D7}"
EndProject
Project("{FAE04EC0-301F-11D3-BF4B-00C04F79EFBC}") = "Unity.RenderPipelines.Core.ShaderLibrary", "Unity.RenderPipelines.Core.ShaderLibrary.csproj", "{5936A3F0-5441-6025-3B78-77AE84776617}"
EndProject
Project("{FAE04EC0-301F-11D3-BF4B-00C04F79EFBC}") = "Unity.RenderPipelines.Universal.Shaders", "Unity.RenderPipelines.Universal.Shaders.csproj", "{E83833D4-27B4-7883-C692-000ACB49A2E1}"
EndProject
Global
	GlobalSection(SolutionConfigurationPlatforms) = preSolution
		Debug|Any CPU = Debug|Any CPU
		Release|Any CPU = Release|Any CPU
	EndGlobalSection
	GlobalSection(ProjectConfigurationPlatforms) = postSolution
		{8F661FDD-7021-3217-16AA-DC18971293A5}.Debug|Any CPU.ActiveCfg = Debug|Any CPU
		{8F661FDD-7021-3217-16AA-DC18971293A5}.Debug|Any CPU.Build.0 = Debug|Any CPU
		{8F661FDD-7021-3217-16AA-DC18971293A5}.Release|Any CPU.ActiveCfg = Release|Any CPU
		{8F661FDD-7021-3217-16AA-DC18971293A5}.Release|Any CPU.Build.0 = Release|Any CPU
		{D8CB60D1-6FAB-2AD7-A124-2A029C452A57}.Debug|Any CPU.ActiveCfg = Debug|Any CPU
		{D8CB60D1-6FAB-2AD7-A124-2A029C452A57}.Debug|Any CPU.Build.0 = Debug|Any CPU
		{D8CB60D1-6FAB-2AD7-A124-2A029C452A57}.Release|Any CPU.ActiveCfg = Release|Any CPU
		{D8CB60D1-6FAB-2AD7-A124-2A029C452A57}.Release|Any CPU.Build.0 = Release|Any CPU
		{BEC695E3-1996-365A-6648-A3DE34263082}.Debug|Any CPU.ActiveCfg = Debug|Any CPU
		{BEC695E3-1996-365A-6648-A3DE34263082}.Debug|Any CPU.Build.0 = Debug|Any CPU
		{BEC695E3-1996-365A-6648-A3DE34263082}.Release|Any CPU.ActiveCfg = Release|Any CPU
		{BEC695E3-1996-365A-6648-A3DE34263082}.Release|Any CPU.Build.0 = Release|Any CPU
		{6733E4C6-82FD-B447-8061-066607160CE8}.Debug|Any CPU.ActiveCfg = Debug|Any CPU
		{6733E4C6-82FD-B447-8061-066607160CE8}.Debug|Any CPU.Build.0 = Debug|Any CPU
		{6733E4C6-82FD-B447-8061-066607160CE8}.Release|Any CPU.ActiveCfg = Release|Any CPU
		{6733E4C6-82FD-B447-8061-066607160CE8}.Release|Any CPU.Build.0 = Release|Any CPU
		{91C6A6F1-452A-8588-4763-543DB80EAA66}.Debug|Any CPU.ActiveCfg = Debug|Any CPU
		{91C6A6F1-452A-8588-4763-543DB80EAA66}.Debug|Any CPU.Build.0 = Debug|Any CPU
		{91C6A6F1-452A-8588-4763-543DB80EAA66}.Release|Any CPU.ActiveCfg = Release|Any CPU
		{91C6A6F1-452A-8588-4763-543DB80EAA66}.Release|Any CPU.Build.0 = Release|Any CPU
		{47AB5AF6-895D-43B1-BD05-CC8E7D270895}.Debug|Any CPU.ActiveCfg = Debug|Any CPU
		{47AB5AF6-895D-43B1-BD05-CC8E7D270895}.Debug|Any CPU.Build.0 = Debug|Any CPU
		{47AB5AF6-895D-43B1-BD05-CC8E7D270895}.Release|Any CPU.ActiveCfg = Release|Any CPU
		{47AB5AF6-895D-43B1-BD05-CC8E7D270895}.Release|Any CPU.Build.0 = Release|Any CPU
		{CEC71F30-6ADD-84E3-028C-970675E0F1E6}.Debug|Any CPU.ActiveCfg = Debug|Any CPU
		{CEC71F30-6ADD-84E3-028C-970675E0F1E6}.Debug|Any CPU.Build.0 = Debug|Any CPU
		{CEC71F30-6ADD-84E3-028C-970675E0F1E6}.Release|Any CPU.ActiveCfg = Release|Any CPU
		{CEC71F30-6ADD-84E3-028C-970675E0F1E6}.Release|Any CPU.Build.0 = Release|Any CPU
		{2B6848FC-0CE7-50B5-4886-AD2A02E853B9}.Debug|Any CPU.ActiveCfg = Debug|Any CPU
		{2B6848FC-0CE7-50B5-4886-AD2A02E853B9}.Debug|Any CPU.Build.0 = Debug|Any CPU
		{2B6848FC-0CE7-50B5-4886-AD2A02E853B9}.Release|Any CPU.ActiveCfg = Release|Any CPU
		{2B6848FC-0CE7-50B5-4886-AD2A02E853B9}.Release|Any CPU.Build.0 = Release|Any CPU
		{00CAEF92-B315-4675-4B90-ECED12BFFF6E}.Debug|Any CPU.ActiveCfg = Debug|Any CPU
		{00CAEF92-B315-4675-4B90-ECED12BFFF6E}.Debug|Any CPU.Build.0 = Debug|Any CPU
		{00CAEF92-B315-4675-4B90-ECED12BFFF6E}.Release|Any CPU.ActiveCfg = Release|Any CPU
		{00CAEF92-B315-4675-4B90-ECED12BFFF6E}.Release|Any CPU.Build.0 = Release|Any CPU
		{233DF540-00EE-98AA-289D-E3286F9EA211}.Debug|Any CPU.ActiveCfg = Debug|Any CPU
		{233DF540-00EE-98AA-289D-E3286F9EA211}.Debug|Any CPU.Build.0 = Debug|Any CPU
		{233DF540-00EE-98AA-289D-E3286F9EA211}.Release|Any CPU.ActiveCfg = Release|Any CPU
		{233DF540-00EE-98AA-289D-E3286F9EA211}.Release|Any CPU.Build.0 = Release|Any CPU
		{585F1C6D-1451-80B6-2537-CB3BBE6E6BCE}.Debug|Any CPU.ActiveCfg = Debug|Any CPU
		{585F1C6D-1451-80B6-2537-CB3BBE6E6BCE}.Debug|Any CPU.Build.0 = Debug|Any CPU
		{585F1C6D-1451-80B6-2537-CB3BBE6E6BCE}.Release|Any CPU.ActiveCfg = Release|Any CPU
		{585F1C6D-1451-80B6-2537-CB3BBE6E6BCE}.Release|Any CPU.Build.0 = Release|Any CPU
		{CD699C6E-E22C-D8F3-7B8B-E56C01BCC1E4}.Debug|Any CPU.ActiveCfg = Debug|Any CPU
		{CD699C6E-E22C-D8F3-7B8B-E56C01BCC1E4}.Debug|Any CPU.Build.0 = Debug|Any CPU
		{CD699C6E-E22C-D8F3-7B8B-E56C01BCC1E4}.Release|Any CPU.ActiveCfg = Release|Any CPU
		{CD699C6E-E22C-D8F3-7B8B-E56C01BCC1E4}.Release|Any CPU.Build.0 = Release|Any CPU
		{2067C9F0-4CF8-7BD3-07C0-67D866A60216}.Debug|Any CPU.ActiveCfg = Debug|Any CPU
		{2067C9F0-4CF8-7BD3-07C0-67D866A60216}.Debug|Any CPU.Build.0 = Debug|Any CPU
		{2067C9F0-4CF8-7BD3-07C0-67D866A60216}.Release|Any CPU.ActiveCfg = Release|Any CPU
		{2067C9F0-4CF8-7BD3-07C0-67D866A60216}.Release|Any CPU.Build.0 = Release|Any CPU
		{8444C7FE-5F85-0495-E757-339AD98CEABA}.Debug|Any CPU.ActiveCfg = Debug|Any CPU
		{8444C7FE-5F85-0495-E757-339AD98CEABA}.Debug|Any CPU.Build.0 = Debug|Any CPU
		{8444C7FE-5F85-0495-E757-339AD98CEABA}.Release|Any CPU.ActiveCfg = Release|Any CPU
		{8444C7FE-5F85-0495-E757-339AD98CEABA}.Release|Any CPU.Build.0 = Release|Any CPU
		{82AB8C65-7F6F-5A68-6879-63CBF786DB3B}.Debug|Any CPU.ActiveCfg = Debug|Any CPU
		{82AB8C65-7F6F-5A68-6879-63CBF786DB3B}.Debug|Any CPU.Build.0 = Debug|Any CPU
		{82AB8C65-7F6F-5A68-6879-63CBF786DB3B}.Release|Any CPU.ActiveCfg = Release|Any CPU
		{82AB8C65-7F6F-5A68-6879-63CBF786DB3B}.Release|Any CPU.Build.0 = Release|Any CPU
		{DF09E4C0-1DC8-B469-EC23-30C040E7DC3B}.Debug|Any CPU.ActiveCfg = Debug|Any CPU
		{DF09E4C0-1DC8-B469-EC23-30C040E7DC3B}.Debug|Any CPU.Build.0 = Debug|Any CPU
		{DF09E4C0-1DC8-B469-EC23-30C040E7DC3B}.Release|Any CPU.ActiveCfg = Release|Any CPU
		{DF09E4C0-1DC8-B469-EC23-30C040E7DC3B}.Release|Any CPU.Build.0 = Release|Any CPU
		{5358EB9E-360E-F4DC-89ED-6DF8F34C31D0}.Debug|Any CPU.ActiveCfg = Debug|Any CPU
		{5358EB9E-360E-F4DC-89ED-6DF8F34C31D0}.Debug|Any CPU.Build.0 = Debug|Any CPU
		{5358EB9E-360E-F4DC-89ED-6DF8F34C31D0}.Release|Any CPU.ActiveCfg = Release|Any CPU
		{5358EB9E-360E-F4DC-89ED-6DF8F34C31D0}.Release|Any CPU.Build.0 = Release|Any CPU
		{B45024B4-A42D-5524-2E80-47193A51D588}.Debug|Any CPU.ActiveCfg = Debug|Any CPU
		{B45024B4-A42D-5524-2E80-47193A51D588}.Debug|Any CPU.Build.0 = Debug|Any CPU
		{B45024B4-A42D-5524-2E80-47193A51D588}.Release|Any CPU.ActiveCfg = Release|Any CPU
		{B45024B4-A42D-5524-2E80-47193A51D588}.Release|Any CPU.Build.0 = Release|Any CPU
		{A5BF2FA5-E6E3-B7EC-9985-175DA68FE1BE}.Debug|Any CPU.ActiveCfg = Debug|Any CPU
		{A5BF2FA5-E6E3-B7EC-9985-175DA68FE1BE}.Debug|Any CPU.Build.0 = Debug|Any CPU
		{A5BF2FA5-E6E3-B7EC-9985-175DA68FE1BE}.Release|Any CPU.ActiveCfg = Release|Any CPU
		{A5BF2FA5-E6E3-B7EC-9985-175DA68FE1BE}.Release|Any CPU.Build.0 = Release|Any CPU
		{57E3D443-89DC-019D-0027-C357D837B1A0}.Debug|Any CPU.ActiveCfg = Debug|Any CPU
		{57E3D443-89DC-019D-0027-C357D837B1A0}.Debug|Any CPU.Build.0 = Debug|Any CPU
		{57E3D443-89DC-019D-0027-C357D837B1A0}.Release|Any CPU.ActiveCfg = Release|Any CPU
		{57E3D443-89DC-019D-0027-C357D837B1A0}.Release|Any CPU.Build.0 = Release|Any CPU
		{C18EDD26-608B-2BD8-E5C8-E34A8871A603}.Debug|Any CPU.ActiveCfg = Debug|Any CPU
		{C18EDD26-608B-2BD8-E5C8-E34A8871A603}.Debug|Any CPU.Build.0 = Debug|Any CPU
		{C18EDD26-608B-2BD8-E5C8-E34A8871A603}.Release|Any CPU.ActiveCfg = Release|Any CPU
		{C18EDD26-608B-2BD8-E5C8-E34A8871A603}.Release|Any CPU.Build.0 = Release|Any CPU
		{BAD4CD53-3440-F286-563E-247E039F4882}.Debug|Any CPU.ActiveCfg = Debug|Any CPU
		{BAD4CD53-3440-F286-563E-247E039F4882}.Debug|Any CPU.Build.0 = Debug|Any CPU
		{BAD4CD53-3440-F286-563E-247E039F4882}.Release|Any CPU.ActiveCfg = Release|Any CPU
		{BAD4CD53-3440-F286-563E-247E039F4882}.Release|Any CPU.Build.0 = Release|Any CPU
		{52EF9C9E-AC45-7297-8455-9FABDCF44045}.Debug|Any CPU.ActiveCfg = Debug|Any CPU
		{52EF9C9E-AC45-7297-8455-9FABDCF44045}.Debug|Any CPU.Build.0 = Debug|Any CPU
		{52EF9C9E-AC45-7297-8455-9FABDCF44045}.Release|Any CPU.ActiveCfg = Release|Any CPU
		{52EF9C9E-AC45-7297-8455-9FABDCF44045}.Release|Any CPU.Build.0 = Release|Any CPU
		{C9AD273B-43D0-F8A1-3DF0-6076D8C9F027}.Debug|Any CPU.ActiveCfg = Debug|Any CPU
		{C9AD273B-43D0-F8A1-3DF0-6076D8C9F027}.Debug|Any CPU.Build.0 = Debug|Any CPU
		{C9AD273B-43D0-F8A1-3DF0-6076D8C9F027}.Release|Any CPU.ActiveCfg = Release|Any CPU
		{C9AD273B-43D0-F8A1-3DF0-6076D8C9F027}.Release|Any CPU.Build.0 = Release|Any CPU
		{612A0F6B-6197-7C0A-FE53-DC9A48A29FF2}.Debug|Any CPU.ActiveCfg = Debug|Any CPU
		{612A0F6B-6197-7C0A-FE53-DC9A48A29FF2}.Debug|Any CPU.Build.0 = Debug|Any CPU
		{612A0F6B-6197-7C0A-FE53-DC9A48A29FF2}.Release|Any CPU.ActiveCfg = Release|Any CPU
		{612A0F6B-6197-7C0A-FE53-DC9A48A29FF2}.Release|Any CPU.Build.0 = Release|Any CPU
		{6AFC4AD3-E170-D109-0401-EFACC866EDF1}.Debug|Any CPU.ActiveCfg = Debug|Any CPU
		{6AFC4AD3-E170-D109-0401-EFACC866EDF1}.Debug|Any CPU.Build.0 = Debug|Any CPU
		{6AFC4AD3-E170-D109-0401-EFACC866EDF1}.Release|Any CPU.ActiveCfg = Release|Any CPU
		{6AFC4AD3-E170-D109-0401-EFACC866EDF1}.Release|Any CPU.Build.0 = Release|Any CPU
		{6C9AD8FE-49A6-2A89-3091-14C50E156A60}.Debug|Any CPU.ActiveCfg = Debug|Any CPU
		{6C9AD8FE-49A6-2A89-3091-14C50E156A60}.Debug|Any CPU.Build.0 = Debug|Any CPU
		{6C9AD8FE-49A6-2A89-3091-14C50E156A60}.Release|Any CPU.ActiveCfg = Release|Any CPU
		{6C9AD8FE-49A6-2A89-3091-14C50E156A60}.Release|Any CPU.Build.0 = Release|Any CPU
		{94293109-5187-9BC3-A3B2-995ADFAED372}.Debug|Any CPU.ActiveCfg = Debug|Any CPU
		{94293109-5187-9BC3-A3B2-995ADFAED372}.Debug|Any CPU.Build.0 = Debug|Any CPU
		{94293109-5187-9BC3-A3B2-995ADFAED372}.Release|Any CPU.ActiveCfg = Release|Any CPU
		{94293109-5187-9BC3-A3B2-995ADFAED372}.Release|Any CPU.Build.0 = Release|Any CPU
		{B0FE23B2-768E-5CCF-AB42-9EAB8547D236}.Debug|Any CPU.ActiveCfg = Debug|Any CPU
		{B0FE23B2-768E-5CCF-AB42-9EAB8547D236}.Debug|Any CPU.Build.0 = Debug|Any CPU
		{B0FE23B2-768E-5CCF-AB42-9EAB8547D236}.Release|Any CPU.ActiveCfg = Release|Any CPU
		{B0FE23B2-768E-5CCF-AB42-9EAB8547D236}.Release|Any CPU.Build.0 = Release|Any CPU
		{28248D00-6DFD-16BC-0AC7-ADD2F25907E7}.Debug|Any CPU.ActiveCfg = Debug|Any CPU
		{28248D00-6DFD-16BC-0AC7-ADD2F25907E7}.Debug|Any CPU.Build.0 = Debug|Any CPU
		{28248D00-6DFD-16BC-0AC7-ADD2F25907E7}.Release|Any CPU.ActiveCfg = Release|Any CPU
		{28248D00-6DFD-16BC-0AC7-ADD2F25907E7}.Release|Any CPU.Build.0 = Release|Any CPU
		{207507ED-500F-52EA-134E-BBC58532C3E0}.Debug|Any CPU.ActiveCfg = Debug|Any CPU
		{207507ED-500F-52EA-134E-BBC58532C3E0}.Debug|Any CPU.Build.0 = Debug|Any CPU
		{207507ED-500F-52EA-134E-BBC58532C3E0}.Release|Any CPU.ActiveCfg = Release|Any CPU
		{207507ED-500F-52EA-134E-BBC58532C3E0}.Release|Any CPU.Build.0 = Release|Any CPU
		{B998445D-4AB0-B8CF-B1EE-2EEBCBC22B87}.Debug|Any CPU.ActiveCfg = Debug|Any CPU
		{B998445D-4AB0-B8CF-B1EE-2EEBCBC22B87}.Debug|Any CPU.Build.0 = Debug|Any CPU
		{B998445D-4AB0-B8CF-B1EE-2EEBCBC22B87}.Release|Any CPU.ActiveCfg = Release|Any CPU
		{B998445D-4AB0-B8CF-B1EE-2EEBCBC22B87}.Release|Any CPU.Build.0 = Release|Any CPU
		{F36707C5-AC41-3325-3D92-7A7298DA9FFC}.Debug|Any CPU.ActiveCfg = Debug|Any CPU
		{F36707C5-AC41-3325-3D92-7A7298DA9FFC}.Debug|Any CPU.Build.0 = Debug|Any CPU
		{F36707C5-AC41-3325-3D92-7A7298DA9FFC}.Release|Any CPU.ActiveCfg = Release|Any CPU
		{F36707C5-AC41-3325-3D92-7A7298DA9FFC}.Release|Any CPU.Build.0 = Release|Any CPU
		{EE957132-E268-F6F0-CF20-688862C87E04}.Debug|Any CPU.ActiveCfg = Debug|Any CPU
		{EE957132-E268-F6F0-CF20-688862C87E04}.Debug|Any CPU.Build.0 = Debug|Any CPU
		{EE957132-E268-F6F0-CF20-688862C87E04}.Release|Any CPU.ActiveCfg = Release|Any CPU
		{EE957132-E268-F6F0-CF20-688862C87E04}.Release|Any CPU.Build.0 = Release|Any CPU
		{C9C9251C-3B4B-1C61-2119-2D3DD1E2DE43}.Debug|Any CPU.ActiveCfg = Debug|Any CPU
		{C9C9251C-3B4B-1C61-2119-2D3DD1E2DE43}.Debug|Any CPU.Build.0 = Debug|Any CPU
		{C9C9251C-3B4B-1C61-2119-2D3DD1E2DE43}.Release|Any CPU.ActiveCfg = Release|Any CPU
		{C9C9251C-3B4B-1C61-2119-2D3DD1E2DE43}.Release|Any CPU.Build.0 = Release|Any CPU
		{A2B63E4E-E5D3-C24D-C726-01E47710F478}.Debug|Any CPU.ActiveCfg = Debug|Any CPU
		{A2B63E4E-E5D3-C24D-C726-01E47710F478}.Debug|Any CPU.Build.0 = Debug|Any CPU
		{A2B63E4E-E5D3-C24D-C726-01E47710F478}.Release|Any CPU.ActiveCfg = Release|Any CPU
		{A2B63E4E-E5D3-C24D-C726-01E47710F478}.Release|Any CPU.Build.0 = Release|Any CPU
		{68EC2433-67A8-4625-B696-D1D0F2798137}.Debug|Any CPU.ActiveCfg = Debug|Any CPU
		{68EC2433-67A8-4625-B696-D1D0F2798137}.Debug|Any CPU.Build.0 = Debug|Any CPU
		{68EC2433-67A8-4625-B696-D1D0F2798137}.Release|Any CPU.ActiveCfg = Release|Any CPU
		{68EC2433-67A8-4625-B696-D1D0F2798137}.Release|Any CPU.Build.0 = Release|Any CPU
		{1A45F958-020F-9FE6-511A-489FE1D4CBE8}.Debug|Any CPU.ActiveCfg = Debug|Any CPU
		{1A45F958-020F-9FE6-511A-489FE1D4CBE8}.Debug|Any CPU.Build.0 = Debug|Any CPU
		{1A45F958-020F-9FE6-511A-489FE1D4CBE8}.Release|Any CPU.ActiveCfg = Release|Any CPU
		{1A45F958-020F-9FE6-511A-489FE1D4CBE8}.Release|Any CPU.Build.0 = Release|Any CPU
		{A2F848DE-2843-B60C-FE10-EC26A3BAE87F}.Debug|Any CPU.ActiveCfg = Debug|Any CPU
		{A2F848DE-2843-B60C-FE10-EC26A3BAE87F}.Debug|Any CPU.Build.0 = Debug|Any CPU
		{A2F848DE-2843-B60C-FE10-EC26A3BAE87F}.Release|Any CPU.ActiveCfg = Release|Any CPU
		{A2F848DE-2843-B60C-FE10-EC26A3BAE87F}.Release|Any CPU.Build.0 = Release|Any CPU
		{9C99206C-4380-326F-B829-3A552743D93B}.Debug|Any CPU.ActiveCfg = Debug|Any CPU
		{9C99206C-4380-326F-B829-3A552743D93B}.Debug|Any CPU.Build.0 = Debug|Any CPU
		{9C99206C-4380-326F-B829-3A552743D93B}.Release|Any CPU.ActiveCfg = Release|Any CPU
		{9C99206C-4380-326F-B829-3A552743D93B}.Release|Any CPU.Build.0 = Release|Any CPU
		{720C43F9-D886-4A0F-CC45-DE4FDA25129C}.Debug|Any CPU.ActiveCfg = Debug|Any CPU
		{720C43F9-D886-4A0F-CC45-DE4FDA25129C}.Debug|Any CPU.Build.0 = Debug|Any CPU
		{720C43F9-D886-4A0F-CC45-DE4FDA25129C}.Release|Any CPU.ActiveCfg = Release|Any CPU
		{720C43F9-D886-4A0F-CC45-DE4FDA25129C}.Release|Any CPU.Build.0 = Release|Any CPU
		{56739EFB-9471-EC96-8334-3002B3BE290D}.Debug|Any CPU.ActiveCfg = Debug|Any CPU
		{56739EFB-9471-EC96-8334-3002B3BE290D}.Debug|Any CPU.Build.0 = Debug|Any CPU
		{56739EFB-9471-EC96-8334-3002B3BE290D}.Release|Any CPU.ActiveCfg = Release|Any CPU
		{56739EFB-9471-EC96-8334-3002B3BE290D}.Release|Any CPU.Build.0 = Release|Any CPU
		{571692B5-9DF6-6617-8375-A1793EF1C570}.Debug|Any CPU.ActiveCfg = Debug|Any CPU
		{571692B5-9DF6-6617-8375-A1793EF1C570}.Debug|Any CPU.Build.0 = Debug|Any CPU
		{571692B5-9DF6-6617-8375-A1793EF1C570}.Release|Any CPU.ActiveCfg = Release|Any CPU
		{571692B5-9DF6-6617-8375-A1793EF1C570}.Release|Any CPU.Build.0 = Release|Any CPU
		{C78BB967-AF2D-E1D9-44DC-78561650B0E3}.Debug|Any CPU.ActiveCfg = Debug|Any CPU
		{C78BB967-AF2D-E1D9-44DC-78561650B0E3}.Debug|Any CPU.Build.0 = Debug|Any CPU
		{C78BB967-AF2D-E1D9-44DC-78561650B0E3}.Release|Any CPU.ActiveCfg = Release|Any CPU
		{C78BB967-AF2D-E1D9-44DC-78561650B0E3}.Release|Any CPU.Build.0 = Release|Any CPU
		{9E4DCFA0-E392-C418-5D9E-E794F6EE2FDC}.Debug|Any CPU.ActiveCfg = Debug|Any CPU
		{9E4DCFA0-E392-C418-5D9E-E794F6EE2FDC}.Debug|Any CPU.Build.0 = Debug|Any CPU
		{9E4DCFA0-E392-C418-5D9E-E794F6EE2FDC}.Release|Any CPU.ActiveCfg = Release|Any CPU
		{9E4DCFA0-E392-C418-5D9E-E794F6EE2FDC}.Release|Any CPU.Build.0 = Release|Any CPU
		{1BADA475-46AD-E5F6-9FCB-711BFE699198}.Debug|Any CPU.ActiveCfg = Debug|Any CPU
		{1BADA475-46AD-E5F6-9FCB-711BFE699198}.Debug|Any CPU.Build.0 = Debug|Any CPU
		{1BADA475-46AD-E5F6-9FCB-711BFE699198}.Release|Any CPU.ActiveCfg = Release|Any CPU
		{1BADA475-46AD-E5F6-9FCB-711BFE699198}.Release|Any CPU.Build.0 = Release|Any CPU
		{2B970CED-1A40-C2DA-3C25-5D44015CD266}.Debug|Any CPU.ActiveCfg = Debug|Any CPU
		{2B970CED-1A40-C2DA-3C25-5D44015CD266}.Debug|Any CPU.Build.0 = Debug|Any CPU
		{2B970CED-1A40-C2DA-3C25-5D44015CD266}.Release|Any CPU.ActiveCfg = Release|Any CPU
		{2B970CED-1A40-C2DA-3C25-5D44015CD266}.Release|Any CPU.Build.0 = Release|Any CPU
		{DC79B5F5-61FD-A4CF-EDD8-BD94718E04F0}.Debug|Any CPU.ActiveCfg = Debug|Any CPU
		{DC79B5F5-61FD-A4CF-EDD8-BD94718E04F0}.Debug|Any CPU.Build.0 = Debug|Any CPU
		{DC79B5F5-61FD-A4CF-EDD8-BD94718E04F0}.Release|Any CPU.ActiveCfg = Release|Any CPU
		{DC79B5F5-61FD-A4CF-EDD8-BD94718E04F0}.Release|Any CPU.Build.0 = Release|Any CPU
		{DB8ECD1B-F679-2C84-2DE2-3D25764A8D23}.Debug|Any CPU.ActiveCfg = Debug|Any CPU
		{DB8ECD1B-F679-2C84-2DE2-3D25764A8D23}.Debug|Any CPU.Build.0 = Debug|Any CPU
		{DB8ECD1B-F679-2C84-2DE2-3D25764A8D23}.Release|Any CPU.ActiveCfg = Release|Any CPU
		{DB8ECD1B-F679-2C84-2DE2-3D25764A8D23}.Release|Any CPU.Build.0 = Release|Any CPU
		{6B3C6DF4-54DC-5443-3874-75113972B0BD}.Debug|Any CPU.ActiveCfg = Debug|Any CPU
		{6B3C6DF4-54DC-5443-3874-75113972B0BD}.Debug|Any CPU.Build.0 = Debug|Any CPU
		{6B3C6DF4-54DC-5443-3874-75113972B0BD}.Release|Any CPU.ActiveCfg = Release|Any CPU
		{6B3C6DF4-54DC-5443-3874-75113972B0BD}.Release|Any CPU.Build.0 = Release|Any CPU
		{E8B54FD9-D6A1-7F13-FA6F-44DE85B38866}.Debug|Any CPU.ActiveCfg = Debug|Any CPU
		{E8B54FD9-D6A1-7F13-FA6F-44DE85B38866}.Debug|Any CPU.Build.0 = Debug|Any CPU
		{E8B54FD9-D6A1-7F13-FA6F-44DE85B38866}.Release|Any CPU.ActiveCfg = Release|Any CPU
		{E8B54FD9-D6A1-7F13-FA6F-44DE85B38866}.Release|Any CPU.Build.0 = Release|Any CPU
		{ED9E5CFB-8DFB-AB39-5D4D-4F16E30379FE}.Debug|Any CPU.ActiveCfg = Debug|Any CPU
		{ED9E5CFB-8DFB-AB39-5D4D-4F16E30379FE}.Debug|Any CPU.Build.0 = Debug|Any CPU
		{ED9E5CFB-8DFB-AB39-5D4D-4F16E30379FE}.Release|Any CPU.ActiveCfg = Release|Any CPU
		{ED9E5CFB-8DFB-AB39-5D4D-4F16E30379FE}.Release|Any CPU.Build.0 = Release|Any CPU
		{49846CE7-FF5D-F4E8-DEC7-24937E3D82DC}.Debug|Any CPU.ActiveCfg = Debug|Any CPU
		{49846CE7-FF5D-F4E8-DEC7-24937E3D82DC}.Debug|Any CPU.Build.0 = Debug|Any CPU
		{49846CE7-FF5D-F4E8-DEC7-24937E3D82DC}.Release|Any CPU.ActiveCfg = Release|Any CPU
		{49846CE7-FF5D-F4E8-DEC7-24937E3D82DC}.Release|Any CPU.Build.0 = Release|Any CPU
		{0AFCAFA1-77DA-1AB8-6CC3-2E9CF1E1C80E}.Debug|Any CPU.ActiveCfg = Debug|Any CPU
		{0AFCAFA1-77DA-1AB8-6CC3-2E9CF1E1C80E}.Debug|Any CPU.Build.0 = Debug|Any CPU
		{0AFCAFA1-77DA-1AB8-6CC3-2E9CF1E1C80E}.Release|Any CPU.ActiveCfg = Release|Any CPU
		{0AFCAFA1-77DA-1AB8-6CC3-2E9CF1E1C80E}.Release|Any CPU.Build.0 = Release|Any CPU
		{A29FE2DB-95AA-AED6-D12A-46E84087C1C0}.Debug|Any CPU.ActiveCfg = Debug|Any CPU
		{A29FE2DB-95AA-AED6-D12A-46E84087C1C0}.Debug|Any CPU.Build.0 = Debug|Any CPU
		{A29FE2DB-95AA-AED6-D12A-46E84087C1C0}.Release|Any CPU.ActiveCfg = Release|Any CPU
		{A29FE2DB-95AA-AED6-D12A-46E84087C1C0}.Release|Any CPU.Build.0 = Release|Any CPU
		{561BB322-8C5B-6A10-C02A-9D97826C70C9}.Debug|Any CPU.ActiveCfg = Debug|Any CPU
		{561BB322-8C5B-6A10-C02A-9D97826C70C9}.Debug|Any CPU.Build.0 = Debug|Any CPU
		{561BB322-8C5B-6A10-C02A-9D97826C70C9}.Release|Any CPU.ActiveCfg = Release|Any CPU
		{561BB322-8C5B-6A10-C02A-9D97826C70C9}.Release|Any CPU.Build.0 = Release|Any CPU
		{35FA7967-00D5-771B-B857-2DBB539A75BB}.Debug|Any CPU.ActiveCfg = Debug|Any CPU
		{35FA7967-00D5-771B-B857-2DBB539A75BB}.Debug|Any CPU.Build.0 = Debug|Any CPU
		{35FA7967-00D5-771B-B857-2DBB539A75BB}.Release|Any CPU.ActiveCfg = Release|Any CPU
		{35FA7967-00D5-771B-B857-2DBB539A75BB}.Release|Any CPU.Build.0 = Release|Any CPU
		{16958C5D-D505-D976-2965-D5269D7FF361}.Debug|Any CPU.ActiveCfg = Debug|Any CPU
		{16958C5D-D505-D976-2965-D5269D7FF361}.Debug|Any CPU.Build.0 = Debug|Any CPU
		{16958C5D-D505-D976-2965-D5269D7FF361}.Release|Any CPU.ActiveCfg = Release|Any CPU
		{16958C5D-D505-D976-2965-D5269D7FF361}.Release|Any CPU.Build.0 = Release|Any CPU
		{3158A6BD-FE52-58DA-417A-3AE6F3292409}.Debug|Any CPU.ActiveCfg = Debug|Any CPU
		{3158A6BD-FE52-58DA-417A-3AE6F3292409}.Debug|Any CPU.Build.0 = Debug|Any CPU
		{3158A6BD-FE52-58DA-417A-3AE6F3292409}.Release|Any CPU.ActiveCfg = Release|Any CPU
		{3158A6BD-FE52-58DA-417A-3AE6F3292409}.Release|Any CPU.Build.0 = Release|Any CPU
		{B2B872E9-9FFC-C70E-7C51-0E35E96F4DA5}.Debug|Any CPU.ActiveCfg = Debug|Any CPU
		{B2B872E9-9FFC-C70E-7C51-0E35E96F4DA5}.Debug|Any CPU.Build.0 = Debug|Any CPU
		{B2B872E9-9FFC-C70E-7C51-0E35E96F4DA5}.Release|Any CPU.ActiveCfg = Release|Any CPU
		{B2B872E9-9FFC-C70E-7C51-0E35E96F4DA5}.Release|Any CPU.Build.0 = Release|Any CPU
		{3BBBF712-607D-F68A-AB56-226F735AE391}.Debug|Any CPU.ActiveCfg = Debug|Any CPU
		{3BBBF712-607D-F68A-AB56-226F735AE391}.Debug|Any CPU.Build.0 = Debug|Any CPU
		{3BBBF712-607D-F68A-AB56-226F735AE391}.Release|Any CPU.ActiveCfg = Release|Any CPU
		{3BBBF712-607D-F68A-AB56-226F735AE391}.Release|Any CPU.Build.0 = Release|Any CPU
		{1A889DDF-EDE3-8E88-D6E5-74001E2600E2}.Debug|Any CPU.ActiveCfg = Debug|Any CPU
		{1A889DDF-EDE3-8E88-D6E5-74001E2600E2}.Debug|Any CPU.Build.0 = Debug|Any CPU
		{1A889DDF-EDE3-8E88-D6E5-74001E2600E2}.Release|Any CPU.ActiveCfg = Release|Any CPU
		{1A889DDF-EDE3-8E88-D6E5-74001E2600E2}.Release|Any CPU.Build.0 = Release|Any CPU
		{DF8021EB-A920-E623-7442-7527615708B5}.Debug|Any CPU.ActiveCfg = Debug|Any CPU
		{DF8021EB-A920-E623-7442-7527615708B5}.Debug|Any CPU.Build.0 = Debug|Any CPU
		{DF8021EB-A920-E623-7442-7527615708B5}.Release|Any CPU.ActiveCfg = Release|Any CPU
		{DF8021EB-A920-E623-7442-7527615708B5}.Release|Any CPU.Build.0 = Release|Any CPU
		{7481536C-18C3-C7D6-7082-EE053323BF04}.Debug|Any CPU.ActiveCfg = Debug|Any CPU
		{7481536C-18C3-C7D6-7082-EE053323BF04}.Debug|Any CPU.Build.0 = Debug|Any CPU
		{7481536C-18C3-C7D6-7082-EE053323BF04}.Release|Any CPU.ActiveCfg = Release|Any CPU
		{7481536C-18C3-C7D6-7082-EE053323BF04}.Release|Any CPU.Build.0 = Release|Any CPU
		{44A1AE36-C306-6FB8-5A31-DBCBCAE4A077}.Debug|Any CPU.ActiveCfg = Debug|Any CPU
		{44A1AE36-C306-6FB8-5A31-DBCBCAE4A077}.Debug|Any CPU.Build.0 = Debug|Any CPU
		{44A1AE36-C306-6FB8-5A31-DBCBCAE4A077}.Release|Any CPU.ActiveCfg = Release|Any CPU
		{44A1AE36-C306-6FB8-5A31-DBCBCAE4A077}.Release|Any CPU.Build.0 = Release|Any CPU
		{5613D96A-3BC4-4FC8-58DB-223A55C761C4}.Debug|Any CPU.ActiveCfg = Debug|Any CPU
		{5613D96A-3BC4-4FC8-58DB-223A55C761C4}.Debug|Any CPU.Build.0 = Debug|Any CPU
		{5613D96A-3BC4-4FC8-58DB-223A55C761C4}.Release|Any CPU.ActiveCfg = Release|Any CPU
		{5613D96A-3BC4-4FC8-58DB-223A55C761C4}.Release|Any CPU.Build.0 = Release|Any CPU
		{673DF6B3-63E3-2B99-380F-BF34BD74EC34}.Debug|Any CPU.ActiveCfg = Debug|Any CPU
		{673DF6B3-63E3-2B99-380F-BF34BD74EC34}.Debug|Any CPU.Build.0 = Debug|Any CPU
		{673DF6B3-63E3-2B99-380F-BF34BD74EC34}.Release|Any CPU.ActiveCfg = Release|Any CPU
		{673DF6B3-63E3-2B99-380F-BF34BD74EC34}.Release|Any CPU.Build.0 = Release|Any CPU
		{1DA5313A-E4EA-C66D-9825-1D730D42A643}.Debug|Any CPU.ActiveCfg = Debug|Any CPU
		{1DA5313A-E4EA-C66D-9825-1D730D42A643}.Debug|Any CPU.Build.0 = Debug|Any CPU
		{1DA5313A-E4EA-C66D-9825-1D730D42A643}.Release|Any CPU.ActiveCfg = Release|Any CPU
		{1DA5313A-E4EA-C66D-9825-1D730D42A643}.Release|Any CPU.Build.0 = Release|Any CPU
		{99E98011-9B6D-BF13-F7B3-7C6C667B9651}.Debug|Any CPU.ActiveCfg = Debug|Any CPU
		{99E98011-9B6D-BF13-F7B3-7C6C667B9651}.Debug|Any CPU.Build.0 = Debug|Any CPU
		{99E98011-9B6D-BF13-F7B3-7C6C667B9651}.Release|Any CPU.ActiveCfg = Release|Any CPU
		{99E98011-9B6D-BF13-F7B3-7C6C667B9651}.Release|Any CPU.Build.0 = Release|Any CPU
		{AE3396E4-A290-B405-3941-CF317AA5B6B2}.Debug|Any CPU.ActiveCfg = Debug|Any CPU
		{AE3396E4-A290-B405-3941-CF317AA5B6B2}.Debug|Any CPU.Build.0 = Debug|Any CPU
		{AE3396E4-A290-B405-3941-CF317AA5B6B2}.Release|Any CPU.ActiveCfg = Release|Any CPU
		{AE3396E4-A290-B405-3941-CF317AA5B6B2}.Release|Any CPU.Build.0 = Release|Any CPU
		{241E61DE-E95E-6BCA-8609-17A260EE99DB}.Debug|Any CPU.ActiveCfg = Debug|Any CPU
		{241E61DE-E95E-6BCA-8609-17A260EE99DB}.Debug|Any CPU.Build.0 = Debug|Any CPU
		{241E61DE-E95E-6BCA-8609-17A260EE99DB}.Release|Any CPU.ActiveCfg = Release|Any CPU
		{241E61DE-E95E-6BCA-8609-17A260EE99DB}.Release|Any CPU.Build.0 = Release|Any CPU
		{E1E85D8C-21F5-88E4-F584-422E4747CE34}.Debug|Any CPU.ActiveCfg = Debug|Any CPU
		{E1E85D8C-21F5-88E4-F584-422E4747CE34}.Debug|Any CPU.Build.0 = Debug|Any CPU
		{E1E85D8C-21F5-88E4-F584-422E4747CE34}.Release|Any CPU.ActiveCfg = Release|Any CPU
		{E1E85D8C-21F5-88E4-F584-422E4747CE34}.Release|Any CPU.Build.0 = Release|Any CPU
		{1FBA7433-BBCD-DB85-9AE8-E6E5B2CD5F3F}.Debug|Any CPU.ActiveCfg = Debug|Any CPU
		{1FBA7433-BBCD-DB85-9AE8-E6E5B2CD5F3F}.Debug|Any CPU.Build.0 = Debug|Any CPU
		{1FBA7433-BBCD-DB85-9AE8-E6E5B2CD5F3F}.Release|Any CPU.ActiveCfg = Release|Any CPU
		{1FBA7433-BBCD-DB85-9AE8-E6E5B2CD5F3F}.Release|Any CPU.Build.0 = Release|Any CPU
		{16C69675-779C-C672-C1EE-5F8EE7513898}.Debug|Any CPU.ActiveCfg = Debug|Any CPU
		{16C69675-779C-C672-C1EE-5F8EE7513898}.Debug|Any CPU.Build.0 = Debug|Any CPU
		{16C69675-779C-C672-C1EE-5F8EE7513898}.Release|Any CPU.ActiveCfg = Release|Any CPU
		{16C69675-779C-C672-C1EE-5F8EE7513898}.Release|Any CPU.Build.0 = Release|Any CPU
		{E05FAD5C-8D83-E0B0-C2E9-F07A7A1059B3}.Debug|Any CPU.ActiveCfg = Debug|Any CPU
		{E05FAD5C-8D83-E0B0-C2E9-F07A7A1059B3}.Debug|Any CPU.Build.0 = Debug|Any CPU
		{E05FAD5C-8D83-E0B0-C2E9-F07A7A1059B3}.Release|Any CPU.ActiveCfg = Release|Any CPU
		{E05FAD5C-8D83-E0B0-C2E9-F07A7A1059B3}.Release|Any CPU.Build.0 = Release|Any CPU
		{BC8492F6-5E87-B2F6-EC50-15FC0AF273A0}.Debug|Any CPU.ActiveCfg = Debug|Any CPU
		{BC8492F6-5E87-B2F6-EC50-15FC0AF273A0}.Debug|Any CPU.Build.0 = Debug|Any CPU
		{BC8492F6-5E87-B2F6-EC50-15FC0AF273A0}.Release|Any CPU.ActiveCfg = Release|Any CPU
		{BC8492F6-5E87-B2F6-EC50-15FC0AF273A0}.Release|Any CPU.Build.0 = Release|Any CPU
		{0BF86D11-D35A-61A8-BD20-55E58919AA07}.Debug|Any CPU.ActiveCfg = Debug|Any CPU
		{0BF86D11-D35A-61A8-BD20-55E58919AA07}.Debug|Any CPU.Build.0 = Debug|Any CPU
		{0BF86D11-D35A-61A8-BD20-55E58919AA07}.Release|Any CPU.ActiveCfg = Release|Any CPU
		{0BF86D11-D35A-61A8-BD20-55E58919AA07}.Release|Any CPU.Build.0 = Release|Any CPU
		{49908017-455C-2646-5E80-2EF7B2B52810}.Debug|Any CPU.ActiveCfg = Debug|Any CPU
		{49908017-455C-2646-5E80-2EF7B2B52810}.Debug|Any CPU.Build.0 = Debug|Any CPU
		{49908017-455C-2646-5E80-2EF7B2B52810}.Release|Any CPU.ActiveCfg = Release|Any CPU
		{49908017-455C-2646-5E80-2EF7B2B52810}.Release|Any CPU.Build.0 = Release|Any CPU
		{098E99B3-855B-95FA-F285-79978DFF5F06}.Debug|Any CPU.ActiveCfg = Debug|Any CPU
		{098E99B3-855B-95FA-F285-79978DFF5F06}.Debug|Any CPU.Build.0 = Debug|Any CPU
		{098E99B3-855B-95FA-F285-79978DFF5F06}.Release|Any CPU.ActiveCfg = Release|Any CPU
		{098E99B3-855B-95FA-F285-79978DFF5F06}.Release|Any CPU.Build.0 = Release|Any CPU
		{AABC6379-F1D6-69A6-2701-973A265CFC7B}.Debug|Any CPU.ActiveCfg = Debug|Any CPU
		{AABC6379-F1D6-69A6-2701-973A265CFC7B}.Debug|Any CPU.Build.0 = Debug|Any CPU
		{AABC6379-F1D6-69A6-2701-973A265CFC7B}.Release|Any CPU.ActiveCfg = Release|Any CPU
		{AABC6379-F1D6-69A6-2701-973A265CFC7B}.Release|Any CPU.Build.0 = Release|Any CPU
		{670CF7FD-3168-FFEF-ED06-FF7861078AEE}.Debug|Any CPU.ActiveCfg = Debug|Any CPU
		{670CF7FD-3168-FFEF-ED06-FF7861078AEE}.Debug|Any CPU.Build.0 = Debug|Any CPU
		{670CF7FD-3168-FFEF-ED06-FF7861078AEE}.Release|Any CPU.ActiveCfg = Release|Any CPU
		{670CF7FD-3168-FFEF-ED06-FF7861078AEE}.Release|Any CPU.Build.0 = Release|Any CPU
		{CEAB9CEF-5720-11AB-C3E9-52B839AFD55A}.Debug|Any CPU.ActiveCfg = Debug|Any CPU
		{CEAB9CEF-5720-11AB-C3E9-52B839AFD55A}.Debug|Any CPU.Build.0 = Debug|Any CPU
		{CEAB9CEF-5720-11AB-C3E9-52B839AFD55A}.Release|Any CPU.ActiveCfg = Release|Any CPU
		{CEAB9CEF-5720-11AB-C3E9-52B839AFD55A}.Release|Any CPU.Build.0 = Release|Any CPU
		{CA699364-F118-3629-82C3-DE6BE728A96E}.Debug|Any CPU.ActiveCfg = Debug|Any CPU
		{CA699364-F118-3629-82C3-DE6BE728A96E}.Debug|Any CPU.Build.0 = Debug|Any CPU
		{CA699364-F118-3629-82C3-DE6BE728A96E}.Release|Any CPU.ActiveCfg = Release|Any CPU
		{CA699364-F118-3629-82C3-DE6BE728A96E}.Release|Any CPU.Build.0 = Release|Any CPU
		{F2A311D0-1876-FFFE-B7C8-81DC4F8E06DE}.Debug|Any CPU.ActiveCfg = Debug|Any CPU
		{F2A311D0-1876-FFFE-B7C8-81DC4F8E06DE}.Debug|Any CPU.Build.0 = Debug|Any CPU
		{F2A311D0-1876-FFFE-B7C8-81DC4F8E06DE}.Release|Any CPU.ActiveCfg = Release|Any CPU
		{F2A311D0-1876-FFFE-B7C8-81DC4F8E06DE}.Release|Any CPU.Build.0 = Release|Any CPU
		{35F62E68-4599-A137-5E61-46B1421DA00C}.Debug|Any CPU.ActiveCfg = Debug|Any CPU
		{35F62E68-4599-A137-5E61-46B1421DA00C}.Debug|Any CPU.Build.0 = Debug|Any CPU
		{35F62E68-4599-A137-5E61-46B1421DA00C}.Release|Any CPU.ActiveCfg = Release|Any CPU
		{35F62E68-4599-A137-5E61-46B1421DA00C}.Release|Any CPU.Build.0 = Release|Any CPU
		{2073B6A3-58F7-353F-8C83-E35979C3A2D7}.Debug|Any CPU.ActiveCfg = Debug|Any CPU
		{2073B6A3-58F7-353F-8C83-E35979C3A2D7}.Debug|Any CPU.Build.0 = Debug|Any CPU
		{2073B6A3-58F7-353F-8C83-E35979C3A2D7}.Release|Any CPU.ActiveCfg = Release|Any CPU
		{2073B6A3-58F7-353F-8C83-E35979C3A2D7}.Release|Any CPU.Build.0 = Release|Any CPU
		{5936A3F0-5441-6025-3B78-77AE84776617}.Debug|Any CPU.ActiveCfg = Debug|Any CPU
		{5936A3F0-5441-6025-3B78-77AE84776617}.Debug|Any CPU.Build.0 = Debug|Any CPU
		{5936A3F0-5441-6025-3B78-77AE84776617}.Release|Any CPU.ActiveCfg = Release|Any CPU
		{5936A3F0-5441-6025-3B78-77AE84776617}.Release|Any CPU.Build.0 = Release|Any CPU
		{E83833D4-27B4-7883-C692-000ACB49A2E1}.Debug|Any CPU.ActiveCfg = Debug|Any CPU
		{E83833D4-27B4-7883-C692-000ACB49A2E1}.Debug|Any CPU.Build.0 = Debug|Any CPU
		{E83833D4-27B4-7883-C692-000ACB49A2E1}.Release|Any CPU.ActiveCfg = Release|Any CPU
		{E83833D4-27B4-7883-C692-000ACB49A2E1}.Release|Any CPU.Build.0 = Release|Any CPU
	EndGlobalSection
	GlobalSection(SolutionProperties) = preSolution
		HideSolutionNode = FALSE
	EndGlobalSection
EndGlobal
